
Microsoft Visual Studio Solution File, Format Version 12.00
# Visual Studio 2013
VisualStudioVersion = 12.0.31101.0
MinimumVisualStudioVersion = 10.0.40219.1
Project("{FAE04EC0-301F-11D3-BF4B-00C04F79EFBC}") = "Roslyn", "Roslyn\Roslyn.csproj", "{8A4A86D0-C8C7-4C91-8243-75D419125B38}"
EndProject
Project("{FAE04EC0-301F-11D3-BF4B-00C04F79EFBC}") = "WpfParser", "WpfParser\WpfParser.csproj", "{F11FBF64-DF41-4486-9EE6-BD85410589E8}"
	ProjectSection(ProjectDependencies) = postProject
		{3B73942A-94B9-4B45-AFEC-142A86D95B67} = {3B73942A-94B9-4B45-AFEC-142A86D95B67}
		{AF624574-768B-48AF-9A2A-301F0C18F637} = {AF624574-768B-48AF-9A2A-301F0C18F637}
		{16820977-61CD-434A-B9ED-9A2BD1A56B96} = {16820977-61CD-434A-B9ED-9A2BD1A56B96}
		{2470FA92-F805-415F-ADE1-66063B81FA6F} = {2470FA92-F805-415F-ADE1-66063B81FA6F}
		{9D9886E5-E914-4621-9480-954BDD57166E} = {9D9886E5-E914-4621-9480-954BDD57166E}
	EndProjectSection
EndProject
Project("{FAE04EC0-301F-11D3-BF4B-00C04F79EFBC}") = "WpfApp", "WpfApp\WpfApp.csproj", "{DC0B462A-9476-461B-8E5E-449E46F38987}"
EndProject
Project("{FAE04EC0-301F-11D3-BF4B-00C04F79EFBC}") = "WindowsFormsApplication1", "WindowsFormsApplication1\WindowsFormsApplication1.csproj", "{F12E054A-CCF7-486D-B3DB-72BFC33E48D5}"
EndProject
Project("{FAE04EC0-301F-11D3-BF4B-00C04F79EFBC}") = "WFW.UI", "WFW.UI\WFW.UI.csproj", "{4A3D711D-D9A7-4941-8E37-22C3A254DE34}"
EndProject
Project("{FAE04EC0-301F-11D3-BF4B-00C04F79EFBC}") = "Attributes", "Attributes\Attributes.csproj", "{AF624574-768B-48AF-9A2A-301F0C18F637}"
EndProject
Project("{FAE04EC0-301F-11D3-BF4B-00C04F79EFBC}") = "AttributesFactory", "AttributesFactory\AttributesFactory.csproj", "{9D9886E5-E914-4621-9480-954BDD57166E}"
EndProject
Project("{FAE04EC0-301F-11D3-BF4B-00C04F79EFBC}") = "XamlControls", "XamlControls\XamlControls.csproj", "{16820977-61CD-434A-B9ED-9A2BD1A56B96}"
EndProject
Project("{FAE04EC0-301F-11D3-BF4B-00C04F79EFBC}") = "XamlControlsFactory", "XamlControlsFactory\XamlControlsFactory.csproj", "{D051BE54-452D-4BBE-B6B4-19075567D576}"
	ProjectSection(ProjectDependencies) = postProject
		{AF624574-768B-48AF-9A2A-301F0C18F637} = {AF624574-768B-48AF-9A2A-301F0C18F637}
		{9D9886E5-E914-4621-9480-954BDD57166E} = {9D9886E5-E914-4621-9480-954BDD57166E}
	EndProjectSection
EndProject
Project("{2150E333-8FDC-42A3-9474-1A3956D46DE8}") = "Attributes", "Attributes", "{CDE707AF-C294-4BF6-84FD-4869ED378DF3}"
EndProject
Project("{2150E333-8FDC-42A3-9474-1A3956D46DE8}") = "Controls", "Controls", "{5E051B3E-0BE5-4B64-ADBF-7C87D6C36398}"
EndProject
Project("{2150E333-8FDC-42A3-9474-1A3956D46DE8}") = "Containers", "Containers", "{98943801-5997-49A4-8AC8-9F3B171F1406}"
EndProject
Project("{FAE04EC0-301F-11D3-BF4B-00C04F79EFBC}") = "XamlContainers", "XamlContainers\XamlContainers.csproj", "{3B73942A-94B9-4B45-AFEC-142A86D95B67}"
	ProjectSection(ProjectDependencies) = postProject
		{D051BE54-452D-4BBE-B6B4-19075567D576} = {D051BE54-452D-4BBE-B6B4-19075567D576}
		{AF624574-768B-48AF-9A2A-301F0C18F637} = {AF624574-768B-48AF-9A2A-301F0C18F637}
		{16820977-61CD-434A-B9ED-9A2BD1A56B96} = {16820977-61CD-434A-B9ED-9A2BD1A56B96}
	EndProjectSection
EndProject
Project("{FAE04EC0-301F-11D3-BF4B-00C04F79EFBC}") = "XamlContainerFactory", "XamlContainerFactory\XamlContainerFactory.csproj", "{2470FA92-F805-415F-ADE1-66063B81FA6F}"
EndProject
Project("{2150E333-8FDC-42A3-9474-1A3956D46DE8}") = "ParserLayer", "ParserLayer", "{9B537E57-2A0F-40AD-B41E-F953A29222B1}"
EndProject
Project("{2150E333-8FDC-42A3-9474-1A3956D46DE8}") = "UILayer", "UILayer", "{7356DB91-76C9-49D4-A77D-A5A7FE1DA651}"
EndProject
Project("{2150E333-8FDC-42A3-9474-1A3956D46DE8}") = "Test", "Test", "{9B856179-767E-4C59-A00D-BC3E9F096F7F}"
EndProject
Project("{2150E333-8FDC-42A3-9474-1A3956D46DE8}") = "RoslynLayer", "RoslynLayer", "{6F4DCF5E-9127-4090-82A1-15E45F9D5D32}"
EndProject
Global
	GlobalSection(SolutionConfigurationPlatforms) = preSolution
		Debug|Any CPU = Debug|Any CPU
		Debug|Mixed Platforms = Debug|Mixed Platforms
		Debug|x86 = Debug|x86
		Release|Any CPU = Release|Any CPU
		Release|Mixed Platforms = Release|Mixed Platforms
		Release|x86 = Release|x86
	EndGlobalSection
	GlobalSection(ProjectConfigurationPlatforms) = postSolution
		{8A4A86D0-C8C7-4C91-8243-75D419125B38}.Debug|Any CPU.ActiveCfg = Debug|x86
		{8A4A86D0-C8C7-4C91-8243-75D419125B38}.Debug|Mixed Platforms.ActiveCfg = Debug|x86
		{8A4A86D0-C8C7-4C91-8243-75D419125B38}.Debug|Mixed Platforms.Build.0 = Debug|x86
		{8A4A86D0-C8C7-4C91-8243-75D419125B38}.Debug|x86.ActiveCfg = Debug|x86
		{8A4A86D0-C8C7-4C91-8243-75D419125B38}.Debug|x86.Build.0 = Debug|x86
		{8A4A86D0-C8C7-4C91-8243-75D419125B38}.Release|Any CPU.ActiveCfg = Release|x86
		{8A4A86D0-C8C7-4C91-8243-75D419125B38}.Release|Mixed Platforms.ActiveCfg = Release|x86
		{8A4A86D0-C8C7-4C91-8243-75D419125B38}.Release|Mixed Platforms.Build.0 = Release|x86
		{8A4A86D0-C8C7-4C91-8243-75D419125B38}.Release|x86.ActiveCfg = Release|x86
		{8A4A86D0-C8C7-4C91-8243-75D419125B38}.Release|x86.Build.0 = Release|x86
		{F11FBF64-DF41-4486-9EE6-BD85410589E8}.Debug|Any CPU.ActiveCfg = Debug|x86
		{F11FBF64-DF41-4486-9EE6-BD85410589E8}.Debug|Mixed Platforms.ActiveCfg = Debug|x86
		{F11FBF64-DF41-4486-9EE6-BD85410589E8}.Debug|Mixed Platforms.Build.0 = Debug|x86
		{F11FBF64-DF41-4486-9EE6-BD85410589E8}.Debug|x86.ActiveCfg = Debug|x86
		{F11FBF64-DF41-4486-9EE6-BD85410589E8}.Debug|x86.Build.0 = Debug|x86
		{F11FBF64-DF41-4486-9EE6-BD85410589E8}.Release|Any CPU.ActiveCfg = Release|x86
		{F11FBF64-DF41-4486-9EE6-BD85410589E8}.Release|Mixed Platforms.ActiveCfg = Release|x86
		{F11FBF64-DF41-4486-9EE6-BD85410589E8}.Release|Mixed Platforms.Build.0 = Release|x86
		{F11FBF64-DF41-4486-9EE6-BD85410589E8}.Release|x86.ActiveCfg = Release|x86
		{F11FBF64-DF41-4486-9EE6-BD85410589E8}.Release|x86.Build.0 = Release|x86
		{DC0B462A-9476-461B-8E5E-449E46F38987}.Debug|Any CPU.ActiveCfg = Debug|Any CPU
		{DC0B462A-9476-461B-8E5E-449E46F38987}.Debug|Any CPU.Build.0 = Debug|Any CPU
		{DC0B462A-9476-461B-8E5E-449E46F38987}.Debug|Mixed Platforms.ActiveCfg = Debug|x86
		{DC0B462A-9476-461B-8E5E-449E46F38987}.Debug|Mixed Platforms.Build.0 = Debug|x86
		{DC0B462A-9476-461B-8E5E-449E46F38987}.Debug|x86.ActiveCfg = Debug|x86
		{DC0B462A-9476-461B-8E5E-449E46F38987}.Release|Any CPU.ActiveCfg = Release|Any CPU
		{DC0B462A-9476-461B-8E5E-449E46F38987}.Release|Any CPU.Build.0 = Release|Any CPU
		{DC0B462A-9476-461B-8E5E-449E46F38987}.Release|Mixed Platforms.ActiveCfg = Release|Any CPU
		{DC0B462A-9476-461B-8E5E-449E46F38987}.Release|Mixed Platforms.Build.0 = Release|Any CPU
		{DC0B462A-9476-461B-8E5E-449E46F38987}.Release|x86.ActiveCfg = Release|x86
		{DC0B462A-9476-461B-8E5E-449E46F38987}.Release|x86.Build.0 = Release|x86
		{F12E054A-CCF7-486D-B3DB-72BFC33E48D5}.Debug|Any CPU.ActiveCfg = Debug|Any CPU
		{F12E054A-CCF7-486D-B3DB-72BFC33E48D5}.Debug|Any CPU.Build.0 = Debug|Any CPU
		{F12E054A-CCF7-486D-B3DB-72BFC33E48D5}.Debug|Mixed Platforms.ActiveCfg = Debug|x86
		{F12E054A-CCF7-486D-B3DB-72BFC33E48D5}.Debug|Mixed Platforms.Build.0 = Debug|x86
		{F12E054A-CCF7-486D-B3DB-72BFC33E48D5}.Debug|x86.ActiveCfg = Debug|x86
		{F12E054A-CCF7-486D-B3DB-72BFC33E48D5}.Release|Any CPU.ActiveCfg = Release|Any CPU
		{F12E054A-CCF7-486D-B3DB-72BFC33E48D5}.Release|Any CPU.Build.0 = Release|Any CPU
		{F12E054A-CCF7-486D-B3DB-72BFC33E48D5}.Release|Mixed Platforms.ActiveCfg = Release|Any CPU
		{F12E054A-CCF7-486D-B3DB-72BFC33E48D5}.Release|Mixed Platforms.Build.0 = Release|Any CPU
		{F12E054A-CCF7-486D-B3DB-72BFC33E48D5}.Release|x86.ActiveCfg = Release|x86
		{F12E054A-CCF7-486D-B3DB-72BFC33E48D5}.Release|x86.Build.0 = Release|x86
		{4A3D711D-D9A7-4941-8E37-22C3A254DE34}.Debug|Any CPU.ActiveCfg = Debug|Any CPU
		{4A3D711D-D9A7-4941-8E37-22C3A254DE34}.Debug|Any CPU.Build.0 = Debug|Any CPU
		{4A3D711D-D9A7-4941-8E37-22C3A254DE34}.Debug|Mixed Platforms.ActiveCfg = Debug|x86
		{4A3D711D-D9A7-4941-8E37-22C3A254DE34}.Debug|Mixed Platforms.Build.0 = Debug|x86
		{4A3D711D-D9A7-4941-8E37-22C3A254DE34}.Debug|x86.ActiveCfg = Debug|x86
		{4A3D711D-D9A7-4941-8E37-22C3A254DE34}.Debug|x86.Build.0 = Debug|x86
		{4A3D711D-D9A7-4941-8E37-22C3A254DE34}.Release|Any CPU.ActiveCfg = Release|Any CPU
		{4A3D711D-D9A7-4941-8E37-22C3A254DE34}.Release|Any CPU.Build.0 = Release|Any CPU
		{4A3D711D-D9A7-4941-8E37-22C3A254DE34}.Release|Mixed Platforms.ActiveCfg = Release|Any CPU
		{4A3D711D-D9A7-4941-8E37-22C3A254DE34}.Release|Mixed Platforms.Build.0 = Release|Any CPU
		{4A3D711D-D9A7-4941-8E37-22C3A254DE34}.Release|x86.ActiveCfg = Release|x86
		{4A3D711D-D9A7-4941-8E37-22C3A254DE34}.Release|x86.Build.0 = Release|x86
		{AF624574-768B-48AF-9A2A-301F0C18F637}.Debug|Any CPU.ActiveCfg = Debug|Any CPU
		{AF624574-768B-48AF-9A2A-301F0C18F637}.Debug|Any CPU.Build.0 = Debug|Any CPU
		{AF624574-768B-48AF-9A2A-301F0C18F637}.Debug|Mixed Platforms.ActiveCfg = Debug|x86
		{AF624574-768B-48AF-9A2A-301F0C18F637}.Debug|Mixed Platforms.Build.0 = Debug|x86
		{AF624574-768B-48AF-9A2A-301F0C18F637}.Debug|x86.ActiveCfg = Debug|x86
		{AF624574-768B-48AF-9A2A-301F0C18F637}.Debug|x86.Build.0 = Debug|x86
		{AF624574-768B-48AF-9A2A-301F0C18F637}.Release|Any CPU.ActiveCfg = Release|Any CPU
		{AF624574-768B-48AF-9A2A-301F0C18F637}.Release|Any CPU.Build.0 = Release|Any CPU
		{AF624574-768B-48AF-9A2A-301F0C18F637}.Release|Mixed Platforms.ActiveCfg = Release|Any CPU
		{AF624574-768B-48AF-9A2A-301F0C18F637}.Release|Mixed Platforms.Build.0 = Release|Any CPU
		{AF624574-768B-48AF-9A2A-301F0C18F637}.Release|x86.ActiveCfg = Release|x86
		{AF624574-768B-48AF-9A2A-301F0C18F637}.Release|x86.Build.0 = Release|x86
		{9D9886E5-E914-4621-9480-954BDD57166E}.Debug|Any CPU.ActiveCfg = Debug|Any CPU
		{9D9886E5-E914-4621-9480-954BDD57166E}.Debug|Any CPU.Build.0 = Debug|Any CPU
		{9D9886E5-E914-4621-9480-954BDD57166E}.Debug|Mixed Platforms.ActiveCfg = Debug|x86
		{9D9886E5-E914-4621-9480-954BDD57166E}.Debug|Mixed Platforms.Build.0 = Debug|x86
		{9D9886E5-E914-4621-9480-954BDD57166E}.Debug|x86.ActiveCfg = Debug|x86
		{9D9886E5-E914-4621-9480-954BDD57166E}.Debug|x86.Build.0 = Debug|x86
		{9D9886E5-E914-4621-9480-954BDD57166E}.Release|Any CPU.ActiveCfg = Release|Any CPU
		{9D9886E5-E914-4621-9480-954BDD57166E}.Release|Any CPU.Build.0 = Release|Any CPU
		{9D9886E5-E914-4621-9480-954BDD57166E}.Release|Mixed Platforms.ActiveCfg = Release|Any CPU
		{9D9886E5-E914-4621-9480-954BDD57166E}.Release|Mixed Platforms.Build.0 = Release|Any CPU
		{9D9886E5-E914-4621-9480-954BDD57166E}.Release|x86.ActiveCfg = Release|x86
		{9D9886E5-E914-4621-9480-954BDD57166E}.Release|x86.Build.0 = Release|x86
		{16820977-61CD-434A-B9ED-9A2BD1A56B96}.Debug|Any CPU.ActiveCfg = Debug|Any CPU
		{16820977-61CD-434A-B9ED-9A2BD1A56B96}.Debug|Any CPU.Build.0 = Debug|Any CPU
		{16820977-61CD-434A-B9ED-9A2BD1A56B96}.Debug|Mixed Platforms.ActiveCfg = Debug|x86
		{16820977-61CD-434A-B9ED-9A2BD1A56B96}.Debug|Mixed Platforms.Build.0 = Debug|x86
		{16820977-61CD-434A-B9ED-9A2BD1A56B96}.Debug|x86.ActiveCfg = Debug|x86
		{16820977-61CD-434A-B9ED-9A2BD1A56B96}.Debug|x86.Build.0 = Debug|x86
		{16820977-61CD-434A-B9ED-9A2BD1A56B96}.Release|Any CPU.ActiveCfg = Release|Any CPU
		{16820977-61CD-434A-B9ED-9A2BD1A56B96}.Release|Any CPU.Build.0 = Release|Any CPU
		{16820977-61CD-434A-B9ED-9A2BD1A56B96}.Release|Mixed Platforms.ActiveCfg = Release|Any CPU
		{16820977-61CD-434A-B9ED-9A2BD1A56B96}.Release|Mixed Platforms.Build.0 = Release|Any CPU
		{16820977-61CD-434A-B9ED-9A2BD1A56B96}.Release|x86.ActiveCfg = Release|x86
		{16820977-61CD-434A-B9ED-9A2BD1A56B96}.Release|x86.Build.0 = Release|x86
		{D051BE54-452D-4BBE-B6B4-19075567D576}.Debug|Any CPU.ActiveCfg = Debug|x86
		{D051BE54-452D-4BBE-B6B4-19075567D576}.Debug|Mixed Platforms.ActiveCfg = Debug|x86
		{D051BE54-452D-4BBE-B6B4-19075567D576}.Debug|Mixed Platforms.Build.0 = Debug|x86
		{D051BE54-452D-4BBE-B6B4-19075567D576}.Debug|x86.ActiveCfg = Debug|x86
		{D051BE54-452D-4BBE-B6B4-19075567D576}.Debug|x86.Build.0 = Debug|x86
		{D051BE54-452D-4BBE-B6B4-19075567D576}.Release|Any CPU.ActiveCfg = Release|x86
		{D051BE54-452D-4BBE-B6B4-19075567D576}.Release|Mixed Platforms.ActiveCfg = Release|x86
		{D051BE54-452D-4BBE-B6B4-19075567D576}.Release|Mixed Platforms.Build.0 = Release|x86
		{D051BE54-452D-4BBE-B6B4-19075567D576}.Release|x86.ActiveCfg = Release|x86
		{D051BE54-452D-4BBE-B6B4-19075567D576}.Release|x86.Build.0 = Release|x86
		{3B73942A-94B9-4B45-AFEC-142A86D95B67}.Debug|Any CPU.ActiveCfg = Debug|x86
		{3B73942A-94B9-4B45-AFEC-142A86D95B67}.Debug|Mixed Platforms.ActiveCfg = Debug|x86
		{3B73942A-94B9-4B45-AFEC-142A86D95B67}.Debug|Mixed Platforms.Build.0 = Debug|x86
		{3B73942A-94B9-4B45-AFEC-142A86D95B67}.Debug|x86.ActiveCfg = Debug|x86
		{3B73942A-94B9-4B45-AFEC-142A86D95B67}.Debug|x86.Build.0 = Debug|x86
		{3B73942A-94B9-4B45-AFEC-142A86D95B67}.Release|Any CPU.ActiveCfg = Release|x86
		{3B73942A-94B9-4B45-AFEC-142A86D95B67}.Release|Mixed Platforms.ActiveCfg = Release|x86
		{3B73942A-94B9-4B45-AFEC-142A86D95B67}.Release|Mixed Platforms.Build.0 = Release|x86
		{3B73942A-94B9-4B45-AFEC-142A86D95B67}.Release|x86.ActiveCfg = Release|x86
		{3B73942A-94B9-4B45-AFEC-142A86D95B67}.Release|x86.Build.0 = Release|x86
		{2470FA92-F805-415F-ADE1-66063B81FA6F}.Debug|Any CPU.ActiveCfg = Debug|x86
		{2470FA92-F805-415F-ADE1-66063B81FA6F}.Debug|Mixed Platforms.ActiveCfg = Debug|x86
		{2470FA92-F805-415F-ADE1-66063B81FA6F}.Debug|Mixed Platforms.Build.0 = Debug|x86
		{2470FA92-F805-415F-ADE1-66063B81FA6F}.Debug|x86.ActiveCfg = Debug|x86
		{2470FA92-F805-415F-ADE1-66063B81FA6F}.Debug|x86.Build.0 = Debug|x86
		{2470FA92-F805-415F-ADE1-66063B81FA6F}.Release|Any CPU.ActiveCfg = Release|x86
		{2470FA92-F805-415F-ADE1-66063B81FA6F}.Release|Mixed Platforms.ActiveCfg = Release|x86
		{2470FA92-F805-415F-ADE1-66063B81FA6F}.Release|Mixed Platforms.Build.0 = Release|x86
		{2470FA92-F805-415F-ADE1-66063B81FA6F}.Release|x86.ActiveCfg = Release|x86
		{2470FA92-F805-415F-ADE1-66063B81FA6F}.Release|x86.Build.0 = Release|x86
	EndGlobalSection
	GlobalSection(SolutionProperties) = preSolution
		HideSolutionNode = FALSE
	EndGlobalSection
	GlobalSection(NestedProjects) = preSolution
		{8A4A86D0-C8C7-4C91-8243-75D419125B38} = {6F4DCF5E-9127-4090-82A1-15E45F9D5D32}
		{F11FBF64-DF41-4486-9EE6-BD85410589E8} = {9B537E57-2A0F-40AD-B41E-F953A29222B1}
		{DC0B462A-9476-461B-8E5E-449E46F38987} = {9B856179-767E-4C59-A00D-BC3E9F096F7F}
		{F12E054A-CCF7-486D-B3DB-72BFC33E48D5} = {9B856179-767E-4C59-A00D-BC3E9F096F7F}
		{4A3D711D-D9A7-4941-8E37-22C3A254DE34} = {7356DB91-76C9-49D4-A77D-A5A7FE1DA651}
		{AF624574-768B-48AF-9A2A-301F0C18F637} = {CDE707AF-C294-4BF6-84FD-4869ED378DF3}
		{9D9886E5-E914-4621-9480-954BDD57166E} = {CDE707AF-C294-4BF6-84FD-4869ED378DF3}
		{16820977-61CD-434A-B9ED-9A2BD1A56B96} = {5E051B3E-0BE5-4B64-ADBF-7C87D6C36398}
		{D051BE54-452D-4BBE-B6B4-19075567D576} = {5E051B3E-0BE5-4B64-ADBF-7C87D6C36398}
		{CDE707AF-C294-4BF6-84FD-4869ED378DF3} = {9B537E57-2A0F-40AD-B41E-F953A29222B1}
		{5E051B3E-0BE5-4B64-ADBF-7C87D6C36398} = {9B537E57-2A0F-40AD-B41E-F953A29222B1}
		{98943801-5997-49A4-8AC8-9F3B171F1406} = {9B537E57-2A0F-40AD-B41E-F953A29222B1}
		{3B73942A-94B9-4B45-AFEC-142A86D95B67} = {98943801-5997-49A4-8AC8-9F3B171F1406}
		{2470FA92-F805-415F-ADE1-66063B81FA6F} = {98943801-5997-49A4-8AC8-9F3B171F1406}
	EndGlobalSection
EndGlobal
