
Microsoft Visual Studio Solution File, Format Version 12.00
# Visual Studio 2013
VisualStudioVersion = 12.0.31101.0
MinimumVisualStudioVersion = 10.0.40219.1
Project("{FAE04EC0-301F-11D3-BF4B-00C04F79EFBC}") = "WFW", "WFW\WFW.csproj", "{AC360E3E-14E1-45F4-A986-4BD857DFD1F0}"
EndProject
Project("{FAE04EC0-301F-11D3-BF4B-00C04F79EFBC}") = "Roslyn", "Roslyn\Roslyn.csproj", "{8A4A86D0-C8C7-4C91-8243-75D419125B38}"
EndProject
Project("{FAE04EC0-301F-11D3-BF4B-00C04F79EFBC}") = "WpfParser", "WpfParser\WpfParser.csproj", "{F11FBF64-DF41-4486-9EE6-BD85410589E8}"
EndProject
Project("{FAE04EC0-301F-11D3-BF4B-00C04F79EFBC}") = "WpfApp", "WpfApp\WpfApp.csproj", "{DC0B462A-9476-461B-8E5E-449E46F38987}"
EndProject
Project("{FAE04EC0-301F-11D3-BF4B-00C04F79EFBC}") = "WindowsFormsApplication1", "WindowsFormsApplication1\WindowsFormsApplication1.csproj", "{F12E054A-CCF7-486D-B3DB-72BFC33E48D5}"
EndProject
Project("{FAE04EC0-301F-11D3-BF4B-00C04F79EFBC}") = "WFW.UI", "WFW.UI\WFW.UI.csproj", "{4A3D711D-D9A7-4941-8E37-22C3A254DE34}"
EndProject
Project("{FAE04EC0-301F-11D3-BF4B-00C04F79EFBC}") = "Attributes", "Attributes\Attributes.csproj", "{AF624574-768B-48AF-9A2A-301F0C18F637}"
EndProject
Project("{FAE04EC0-301F-11D3-BF4B-00C04F79EFBC}") = "AttributesFactory", "AttributesFactory\AttributesFactory.csproj", "{9D9886E5-E914-4621-9480-954BDD57166E}"
EndProject
Global
	GlobalSection(SolutionConfigurationPlatforms) = preSolution
		Debug|Any CPU = Debug|Any CPU
		Debug|Mixed Platforms = Debug|Mixed Platforms
		Debug|x86 = Debug|x86
		Release|Any CPU = Release|Any CPU
		Release|Mixed Platforms = Release|Mixed Platforms
		Release|x86 = Release|x86
	EndGlobalSection
	GlobalSection(ProjectConfigurationPlatforms) = postSolution
		{AC360E3E-14E1-45F4-A986-4BD857DFD1F0}.Debug|Any CPU.ActiveCfg = Debug|x86
		{AC360E3E-14E1-45F4-A986-4BD857DFD1F0}.Debug|Mixed Platforms.ActiveCfg = Debug|x86
		{AC360E3E-14E1-45F4-A986-4BD857DFD1F0}.Debug|Mixed Platforms.Build.0 = Debug|x86
		{AC360E3E-14E1-45F4-A986-4BD857DFD1F0}.Debug|x86.ActiveCfg = Debug|x86
		{AC360E3E-14E1-45F4-A986-4BD857DFD1F0}.Debug|x86.Build.0 = Debug|x86
		{AC360E3E-14E1-45F4-A986-4BD857DFD1F0}.Release|Any CPU.ActiveCfg = Release|x86
		{AC360E3E-14E1-45F4-A986-4BD857DFD1F0}.Release|Mixed Platforms.ActiveCfg = Release|x86
		{AC360E3E-14E1-45F4-A986-4BD857DFD1F0}.Release|Mixed Platforms.Build.0 = Release|x86
		{AC360E3E-14E1-45F4-A986-4BD857DFD1F0}.Release|x86.ActiveCfg = Release|x86
		{AC360E3E-14E1-45F4-A986-4BD857DFD1F0}.Release|x86.Build.0 = Release|x86
		{8A4A86D0-C8C7-4C91-8243-75D419125B38}.Debug|Any CPU.ActiveCfg = Debug|x86
		{8A4A86D0-C8C7-4C91-8243-75D419125B38}.Debug|Mixed Platforms.ActiveCfg = Debug|x86
		{8A4A86D0-C8C7-4C91-8243-75D419125B38}.Debug|Mixed Platforms.Build.0 = Debug|x86
		{8A4A86D0-C8C7-4C91-8243-75D419125B38}.Debug|x86.ActiveCfg = Debug|x86
		{8A4A86D0-C8C7-4C91-8243-75D419125B38}.Debug|x86.Build.0 = Debug|x86
		{8A4A86D0-C8C7-4C91-8243-75D419125B38}.Release|Any CPU.ActiveCfg = Release|x86
		{8A4A86D0-C8C7-4C91-8243-75D419125B38}.Release|Mixed Platforms.ActiveCfg = Release|x86
		{8A4A86D0-C8C7-4C91-8243-75D419125B38}.Release|Mixed Platforms.Build.0 = Release|x86
		{8A4A86D0-C8C7-4C91-8243-75D419125B38}.Release|x86.ActiveCfg = Release|x86
		{8A4A86D0-C8C7-4C91-8243-75D419125B38}.Release|x86.Build.0 = Release|x86
		{F11FBF64-DF41-4486-9EE6-BD85410589E8}.Debug|Any CPU.ActiveCfg = Debug|x86
		{F11FBF64-DF41-4486-9EE6-BD85410589E8}.Debug|Mixed Platforms.ActiveCfg = Debug|x86
		{F11FBF64-DF41-4486-9EE6-BD85410589E8}.Debug|Mixed Platforms.Build.0 = Debug|x86
		{F11FBF64-DF41-4486-9EE6-BD85410589E8}.Debug|x86.ActiveCfg = Debug|x86
		{F11FBF64-DF41-4486-9EE6-BD85410589E8}.Debug|x86.Build.0 = Debug|x86
		{F11FBF64-DF41-4486-9EE6-BD85410589E8}.Release|Any CPU.ActiveCfg = Release|x86
		{F11FBF64-DF41-4486-9EE6-BD85410589E8}.Release|Mixed Platforms.ActiveCfg = Release|x86
		{F11FBF64-DF41-4486-9EE6-BD85410589E8}.Release|Mixed Platforms.Build.0 = Release|x86
		{F11FBF64-DF41-4486-9EE6-BD85410589E8}.Release|x86.ActiveCfg = Release|x86
		{F11FBF64-DF41-4486-9EE6-BD85410589E8}.Release|x86.Build.0 = Release|x86
		{DC0B462A-9476-461B-8E5E-449E46F38987}.Debug|Any CPU.ActiveCfg = Debug|Any CPU
		{DC0B462A-9476-461B-8E5E-449E46F38987}.Debug|Any CPU.Build.0 = Debug|Any CPU
		{DC0B462A-9476-461B-8E5E-449E46F38987}.Debug|Mixed Platforms.ActiveCfg = Debug|Any CPU
		{DC0B462A-9476-461B-8E5E-449E46F38987}.Debug|Mixed Platforms.Build.0 = Debug|Any CPU
		{DC0B462A-9476-461B-8E5E-449E46F38987}.Debug|x86.ActiveCfg = Debug|Any CPU
		{DC0B462A-9476-461B-8E5E-449E46F38987}.Release|Any CPU.ActiveCfg = Release|Any CPU
		{DC0B462A-9476-461B-8E5E-449E46F38987}.Release|Any CPU.Build.0 = Release|Any CPU
		{DC0B462A-9476-461B-8E5E-449E46F38987}.Release|Mixed Platforms.ActiveCfg = Release|Any CPU
		{DC0B462A-9476-461B-8E5E-449E46F38987}.Release|Mixed Platforms.Build.0 = Release|Any CPU
		{DC0B462A-9476-461B-8E5E-449E46F38987}.Release|x86.ActiveCfg = Release|Any CPU
		{F12E054A-CCF7-486D-B3DB-72BFC33E48D5}.Debug|Any CPU.ActiveCfg = Debug|Any CPU
		{F12E054A-CCF7-486D-B3DB-72BFC33E48D5}.Debug|Any CPU.Build.0 = Debug|Any CPU
		{F12E054A-CCF7-486D-B3DB-72BFC33E48D5}.Debug|Mixed Platforms.ActiveCfg = Debug|Any CPU
		{F12E054A-CCF7-486D-B3DB-72BFC33E48D5}.Debug|Mixed Platforms.Build.0 = Debug|Any CPU
		{F12E054A-CCF7-486D-B3DB-72BFC33E48D5}.Debug|x86.ActiveCfg = Debug|Any CPU
		{F12E054A-CCF7-486D-B3DB-72BFC33E48D5}.Release|Any CPU.ActiveCfg = Release|Any CPU
		{F12E054A-CCF7-486D-B3DB-72BFC33E48D5}.Release|Any CPU.Build.0 = Release|Any CPU
		{F12E054A-CCF7-486D-B3DB-72BFC33E48D5}.Release|Mixed Platforms.ActiveCfg = Release|Any CPU
		{F12E054A-CCF7-486D-B3DB-72BFC33E48D5}.Release|Mixed Platforms.Build.0 = Release|Any CPU
		{F12E054A-CCF7-486D-B3DB-72BFC33E48D5}.Release|x86.ActiveCfg = Release|Any CPU
		{4A3D711D-D9A7-4941-8E37-22C3A254DE34}.Debug|Any CPU.ActiveCfg = Debug|Any CPU
		{4A3D711D-D9A7-4941-8E37-22C3A254DE34}.Debug|Any CPU.Build.0 = Debug|Any CPU
		{4A3D711D-D9A7-4941-8E37-22C3A254DE34}.Debug|Mixed Platforms.ActiveCfg = Debug|Any CPU
		{4A3D711D-D9A7-4941-8E37-22C3A254DE34}.Debug|Mixed Platforms.Build.0 = Debug|Any CPU
		{4A3D711D-D9A7-4941-8E37-22C3A254DE34}.Debug|x86.ActiveCfg = Debug|Any CPU
		{4A3D711D-D9A7-4941-8E37-22C3A254DE34}.Release|Any CPU.ActiveCfg = Release|Any CPU
		{4A3D711D-D9A7-4941-8E37-22C3A254DE34}.Release|Any CPU.Build.0 = Release|Any CPU
		{4A3D711D-D9A7-4941-8E37-22C3A254DE34}.Release|Mixed Platforms.ActiveCfg = Release|Any CPU
		{4A3D711D-D9A7-4941-8E37-22C3A254DE34}.Release|Mixed Platforms.Build.0 = Release|Any CPU
		{4A3D711D-D9A7-4941-8E37-22C3A254DE34}.Release|x86.ActiveCfg = Release|Any CPU
		{AF624574-768B-48AF-9A2A-301F0C18F637}.Debug|Any CPU.ActiveCfg = Debug|Any CPU
		{AF624574-768B-48AF-9A2A-301F0C18F637}.Debug|Any CPU.Build.0 = Debug|Any CPU
		{AF624574-768B-48AF-9A2A-301F0C18F637}.Debug|Mixed Platforms.ActiveCfg = Debug|Any CPU
		{AF624574-768B-48AF-9A2A-301F0C18F637}.Debug|Mixed Platforms.Build.0 = Debug|Any CPU
		{AF624574-768B-48AF-9A2A-301F0C18F637}.Debug|x86.ActiveCfg = Debug|Any CPU
		{AF624574-768B-48AF-9A2A-301F0C18F637}.Release|Any CPU.ActiveCfg = Release|Any CPU
		{AF624574-768B-48AF-9A2A-301F0C18F637}.Release|Any CPU.Build.0 = Release|Any CPU
		{AF624574-768B-48AF-9A2A-301F0C18F637}.Release|Mixed Platforms.ActiveCfg = Release|Any CPU
		{AF624574-768B-48AF-9A2A-301F0C18F637}.Release|Mixed Platforms.Build.0 = Release|Any CPU
		{AF624574-768B-48AF-9A2A-301F0C18F637}.Release|x86.ActiveCfg = Release|Any CPU
		{9D9886E5-E914-4621-9480-954BDD57166E}.Debug|Any CPU.ActiveCfg = Debug|Any CPU
		{9D9886E5-E914-4621-9480-954BDD57166E}.Debug|Any CPU.Build.0 = Debug|Any CPU
		{9D9886E5-E914-4621-9480-954BDD57166E}.Debug|Mixed Platforms.ActiveCfg = Debug|Any CPU
		{9D9886E5-E914-4621-9480-954BDD57166E}.Debug|Mixed Platforms.Build.0 = Debug|Any CPU
		{9D9886E5-E914-4621-9480-954BDD57166E}.Debug|x86.ActiveCfg = Debug|Any CPU
		{9D9886E5-E914-4621-9480-954BDD57166E}.Release|Any CPU.ActiveCfg = Release|Any CPU
		{9D9886E5-E914-4621-9480-954BDD57166E}.Release|Any CPU.Build.0 = Release|Any CPU
		{9D9886E5-E914-4621-9480-954BDD57166E}.Release|Mixed Platforms.ActiveCfg = Release|Any CPU
		{9D9886E5-E914-4621-9480-954BDD57166E}.Release|Mixed Platforms.Build.0 = Release|Any CPU
		{9D9886E5-E914-4621-9480-954BDD57166E}.Release|x86.ActiveCfg = Release|Any CPU
	EndGlobalSection
	GlobalSection(SolutionProperties) = preSolution
		HideSolutionNode = FALSE
	EndGlobalSection
EndGlobal
